schema: '2.0'
stages:
  ingest:
    cmd: uv run python -m price_forecaster.ingest
    deps:
    - path: src/price_forecaster/ingest.py
      hash: md5
      md5: 778c1cd4d61e669876857d2350cb5732
      size: 1267
    outs:
    - path: data/raw/prices.parquet
      hash: md5
      md5: 0feebfd0dfbc17c2568a2caf243e37f0
      size: 370804
  evaluate:
    cmd: uv run python -m price_forecaster.evaluate
    deps:
    - path: data/raw/prices.parquet
      hash: md5
      md5: 0feebfd0dfbc17c2568a2caf243e37f0
      size: 370804
    - path: src/price_forecaster/evaluate.py
      hash: md5
      md5: 9bce6fba9d13825c2c323bfa9e58ded1
      size: 600
    outs:
    - path: metrics.json
      hash: md5
      md5: 14f21e9a38798ca54f43114b5b1ebc35
      size: 61
  features:
    cmd: uv run python -m price_forecaster.features
    deps:
    - path: data/raw/prices.parquet
      hash: md5
      md5: 0feebfd0dfbc17c2568a2caf243e37f0
      size: 370804
    - path: src/price_forecaster/features.py
      hash: md5
      md5: a2f757f74b2bcb253eb4f1ba1a519ccd
      size: 1014
    outs:
    - path: data/features.parquet
      hash: md5
      md5: eaec51391af1bf5475368a3b49104d38
      size: 851092
  train:
    cmd: uv run python -m price_forecaster.train
    deps:
    - path: data/features.parquet
      hash: md5
      md5: eaec51391af1bf5475368a3b49104d38
      size: 851092
    - path: src/price_forecaster/train.py
      hash: md5
      md5: a84a16b805d036f5b33b908c21ff3e6f
      size: 2071
    outs:
    - path: metrics.json
      hash: md5
      md5: 4763d8e9b7575721f8e9cbbaffe5624f
      size: 173
