schema: '2.0'
stages:
  ingest:
    cmd: uv run python -m price_forecaster.ingest
    deps:
    - path: src/price_forecaster/ingest.py
      hash: md5
      md5: 778c1cd4d61e669876857d2350cb5732
      size: 1267
    outs:
    - path: data/raw/prices.parquet
      hash: md5
      md5: 0feebfd0dfbc17c2568a2caf243e37f0
      size: 370804
  evaluate:
    cmd: uv run python -m price_forecaster.evaluate
    deps:
    - path: data/features.parquet
      hash: md5
      md5: eaec51391af1bf5475368a3b49104d38
      size: 851092
    - path: src/price_forecaster/evaluate.py
      hash: md5
      md5: 0a831bc037f1ddef02c205ee06e5ebfe
      size: 2343
    - path: src/price_forecaster/train.py
      hash: md5
      md5: 083de62cb18c45379f5d695063219cb4
      size: 1565
    outs:
    - path: metrics.json
      hash: md5
      md5: dcffc246feb5b3ba866ccd69205bfa2e
      size: 375
  features:
    cmd: uv run python -m price_forecaster.features
    deps:
    - path: data/raw/prices.parquet
      hash: md5
      md5: 0feebfd0dfbc17c2568a2caf243e37f0
      size: 370804
    - path: src/price_forecaster/features.py
      hash: md5
      md5: a2f757f74b2bcb253eb4f1ba1a519ccd
      size: 1014
    outs:
    - path: data/features.parquet
      hash: md5
      md5: eaec51391af1bf5475368a3b49104d38
      size: 851092
  train:
    cmd: uv run python -m price_forecaster.train
    deps:
    - path: data/features.parquet
      hash: md5
      md5: eaec51391af1bf5475368a3b49104d38
      size: 851092
    - path: metrics.json
      hash: md5
      md5: dcffc246feb5b3ba866ccd69205bfa2e
      size: 375
    - path: src/price_forecaster/train.py
      hash: md5
      md5: d40194f38bb8ae480aef958fc3da300a
      size: 1610
